
Microsoft Visual Studio Solution File, Format Version 12.00
# Visual Studio Version 17
VisualStudioVersion = 17.9.34607.119
MinimumVisualStudioVersion = 10.0.40219.1
Project("{FAE04EC0-301F-11D3-BF4B-00C04F79EFBC}") = "BackEnd", "BackEnd\BackEnd.csproj", "{BA7F6CCF-F0D2-4BBC-A604-3679CC9C9B73}"
EndProject
Global
	GlobalSection(SolutionConfigurationPlatforms) = preSolution
		Debug|Any CPU = Debug|Any CPU
		Release|Any CPU = Release|Any CPU
	EndGlobalSection
	GlobalSection(ProjectConfigurationPlatforms) = postSolution
		{BA7F6CCF-F0D2-4BBC-A604-3679CC9C9B73}.Debug|Any CPU.ActiveCfg = Debug|Any CPU
		{BA7F6CCF-F0D2-4BBC-A604-3679CC9C9B73}.Debug|Any CPU.Build.0 = Debug|Any CPU
		{BA7F6CCF-F0D2-4BBC-A604-3679CC9C9B73}.Release|Any CPU.ActiveCfg = Release|Any CPU
		{BA7F6CCF-F0D2-4BBC-A604-3679CC9C9B73}.Release|Any CPU.Build.0 = Release|Any CPU
	EndGlobalSection
	GlobalSection(SolutionProperties) = preSolution
		HideSolutionNode = FALSE
	EndGlobalSection
	GlobalSection(ExtensibilityGlobals) = postSolution
		SolutionGuid = {1569F38A-F945-40D4-81EE-0976BFCF75A0}
	EndGlobalSection
EndGlobal
